// !$*UTF8*$!
{
	archiveVersion = 1;
	classes = {
	};
	objectVersion = 46;
	objects = {

/* Begin PBXBuildFile section */
		AA25696B1D460F9300E3BBC5 /* youtube.js in Resources */ = {isa = PBXBuildFile; fileRef = AA25696A1D460F9300E3BBC5 /* youtube.js */; };
		AA25696C1D460F9300E3BBC5 /* youtube.js in Resources */ = {isa = PBXBuildFile; fileRef = AA25696A1D460F9300E3BBC5 /* youtube.js */; };
		AA25696F1D4620FB00E3BBC5 /* VSaverSettingsController.swift in Sources */ = {isa = PBXBuildFile; fileRef = AA25696D1D4620FB00E3BBC5 /* VSaverSettingsController.swift */; };
		AA2569701D4620FB00E3BBC5 /* VSaverSettingsController.swift in Sources */ = {isa = PBXBuildFile; fileRef = AA25696D1D4620FB00E3BBC5 /* VSaverSettingsController.swift */; };
		AA2569711D4620FB00E3BBC5 /* VSaverSettingsController.xib in Resources */ = {isa = PBXBuildFile; fileRef = AA25696E1D4620FB00E3BBC5 /* VSaverSettingsController.xib */; };
		AA2569721D4620FB00E3BBC5 /* VSaverSettingsController.xib in Resources */ = {isa = PBXBuildFile; fileRef = AA25696E1D4620FB00E3BBC5 /* VSaverSettingsController.xib */; };
		AA2569751D46301800E3BBC5 /* MainMenu.xib in Resources */ = {isa = PBXBuildFile; fileRef = AA2569731D46301800E3BBC5 /* MainMenu.xib */; };
		AA2569761D46301800E3BBC5 /* MainMenu.xib in Resources */ = {isa = PBXBuildFile; fileRef = AA2569731D46301800E3BBC5 /* MainMenu.xib */; };
		AA25697A1D46374700E3BBC5 /* VSaverSettings.swift in Sources */ = {isa = PBXBuildFile; fileRef = AA2569791D46374700E3BBC5 /* VSaverSettings.swift */; };
		AA25697B1D46374700E3BBC5 /* VSaverSettings.swift in Sources */ = {isa = PBXBuildFile; fileRef = AA2569791D46374700E3BBC5 /* VSaverSettings.swift */; };
		AA25697F1D466B3200E3BBC5 /* VimeoProvider.swift in Sources */ = {isa = PBXBuildFile; fileRef = AA25697E1D466B3200E3BBC5 /* VimeoProvider.swift */; };
		AA2569801D466B3500E3BBC5 /* VimeoProvider.swift in Sources */ = {isa = PBXBuildFile; fileRef = AA25697E1D466B3200E3BBC5 /* VimeoProvider.swift */; };
		AA2569881D467C6B00E3BBC5 /* AppDelegate.swift in Sources */ = {isa = PBXBuildFile; fileRef = AA2569871D467C6B00E3BBC5 /* AppDelegate.swift */; };
		AA25698A1D467C6B00E3BBC5 /* Assets.xcassets in Resources */ = {isa = PBXBuildFile; fileRef = AA2569891D467C6B00E3BBC5 /* Assets.xcassets */; };
		AA25698D1D467C6B00E3BBC5 /* MainMenu.xib in Resources */ = {isa = PBXBuildFile; fileRef = AA25698B1D467C6B00E3BBC5 /* MainMenu.xib */; };
		AA2569921D467D1800E3BBC5 /* Provider.swift in Sources */ = {isa = PBXBuildFile; fileRef = AAF852881D44E48B0044EC3A /* Provider.swift */; };
		AA2569931D467D1800E3BBC5 /* VSaverView.swift in Sources */ = {isa = PBXBuildFile; fileRef = AAF852891D44E48B0044EC3A /* VSaverView.swift */; };
		AA2569941D467D1800E3BBC5 /* VSaverSettings.swift in Sources */ = {isa = PBXBuildFile; fileRef = AA2569791D46374700E3BBC5 /* VSaverSettings.swift */; };
		AA2569951D467D1800E3BBC5 /* VSaverSettingsController.swift in Sources */ = {isa = PBXBuildFile; fileRef = AA25696D1D4620FB00E3BBC5 /* VSaverSettingsController.swift */; };
		AA2569961D467D1800E3BBC5 /* VSaverSettingsController.xib in Resources */ = {isa = PBXBuildFile; fileRef = AA25696E1D4620FB00E3BBC5 /* VSaverSettingsController.xib */; };
		AA2569971D467D1800E3BBC5 /* VideoPlayerController.swift in Sources */ = {isa = PBXBuildFile; fileRef = AAF852961D44E5880044EC3A /* VideoPlayerController.swift */; };
		AA2569981D467D2300E3BBC5 /* VimeoProvider.swift in Sources */ = {isa = PBXBuildFile; fileRef = AA25697E1D466B3200E3BBC5 /* VimeoProvider.swift */; };
		AA2569991D467D2300E3BBC5 /* YouTubeProvider.swift in Sources */ = {isa = PBXBuildFile; fileRef = AAF8528A1D44E48B0044EC3A /* YouTubeProvider.swift */; };
		AA25699A1D467D2300E3BBC5 /* youtube.js in Resources */ = {isa = PBXBuildFile; fileRef = AA25696A1D460F9300E3BBC5 /* youtube.js */; };
		AA25699C1D4683EB00E3BBC5 /* SaverWindow.swift in Sources */ = {isa = PBXBuildFile; fileRef = AA25699B1D4683EB00E3BBC5 /* SaverWindow.swift */; };
		AA25699F1D46866B00E3BBC5 /* SaverWallpaperSettings.swift in Sources */ = {isa = PBXBuildFile; fileRef = AA25699D1D46866B00E3BBC5 /* SaverWallpaperSettings.swift */; };
		AA2569A01D46866B00E3BBC5 /* SaverWallpaperSettings.xib in Resources */ = {isa = PBXBuildFile; fileRef = AA25699E1D46866B00E3BBC5 /* SaverWallpaperSettings.xib */; };
		AA2569A31D47573F00E3BBC5 /* thumbnail.png in Resources */ = {isa = PBXBuildFile; fileRef = AA2569A11D47573F00E3BBC5 /* thumbnail.png */; };
		AA2569A41D47573F00E3BBC5 /* thumbnail@2x.png in Resources */ = {isa = PBXBuildFile; fileRef = AA2569A21D47573F00E3BBC5 /* thumbnail@2x.png */; };
		AA5DC8631F8FA379001E3CE4 /* AppleTVProvider.swift in Sources */ = {isa = PBXBuildFile; fileRef = AA5DC8621F8FA379001E3CE4 /* AppleTVProvider.swift */; };
		AA5DC8641F8FA3DB001E3CE4 /* AppleTVProvider.swift in Sources */ = {isa = PBXBuildFile; fileRef = AA5DC8621F8FA379001E3CE4 /* AppleTVProvider.swift */; };
		AA5DC8651F8FA3DB001E3CE4 /* AppleTVProvider.swift in Sources */ = {isa = PBXBuildFile; fileRef = AA5DC8621F8FA379001E3CE4 /* AppleTVProvider.swift */; };
		AA8873951F9145D5006FC239 /* Cocoa+Extended.swift in Sources */ = {isa = PBXBuildFile; fileRef = AA8873931F9145CD006FC239 /* Cocoa+Extended.swift */; };
		AA8873981F91470A006FC239 /* AVKit.framework in Frameworks */ = {isa = PBXBuildFile; fileRef = AA8873971F91470A006FC239 /* AVKit.framework */; };
		AA88739A1F914711006FC239 /* AVFoundation.framework in Frameworks */ = {isa = PBXBuildFile; fileRef = AA8873991F914711006FC239 /* AVFoundation.framework */; };
		AA88739B1F91471C006FC239 /* AVFoundation.framework in Frameworks */ = {isa = PBXBuildFile; fileRef = AA8873991F914711006FC239 /* AVFoundation.framework */; };
		AA88739C1F914721006FC239 /* AVKit.framework in Frameworks */ = {isa = PBXBuildFile; fileRef = AA8873971F91470A006FC239 /* AVKit.framework */; };
		AA88739D1F914729006FC239 /* AVFoundation.framework in Frameworks */ = {isa = PBXBuildFile; fileRef = AA8873991F914711006FC239 /* AVFoundation.framework */; };
		AA88739E1F914729006FC239 /* AVKit.framework in Frameworks */ = {isa = PBXBuildFile; fileRef = AA8873971F91470A006FC239 /* AVKit.framework */; };
		AABF5F0A1F95028100ADEB19 /* WistiaProvider.swift in Sources */ = {isa = PBXBuildFile; fileRef = AABF5F091F95028100ADEB19 /* WistiaProvider.swift */; };
		AABF5F0B1F95028100ADEB19 /* WistiaProvider.swift in Sources */ = {isa = PBXBuildFile; fileRef = AABF5F091F95028100ADEB19 /* WistiaProvider.swift */; };
		AABF5F0C1F95028100ADEB19 /* WistiaProvider.swift in Sources */ = {isa = PBXBuildFile; fileRef = AABF5F091F95028100ADEB19 /* WistiaProvider.swift */; };
		AABF5F0E1F9502B800ADEB19 /* wistia.js in Resources */ = {isa = PBXBuildFile; fileRef = AABF5F0D1F9502B800ADEB19 /* wistia.js */; };
		AABF5F0F1F9502B800ADEB19 /* wistia.js in Resources */ = {isa = PBXBuildFile; fileRef = AABF5F0D1F9502B800ADEB19 /* wistia.js */; };
		AABF5F101F9502B800ADEB19 /* wistia.js in Resources */ = {isa = PBXBuildFile; fileRef = AABF5F0D1F9502B800ADEB19 /* wistia.js */; };
		AABF5F131F951DE700ADEB19 /* ScreenSelectionViewController.swift in Sources */ = {isa = PBXBuildFile; fileRef = AABF5F111F951DE700ADEB19 /* ScreenSelectionViewController.swift */; };
		AABF5F141F951DE700ADEB19 /* ScreenSelectionViewController.swift in Sources */ = {isa = PBXBuildFile; fileRef = AABF5F111F951DE700ADEB19 /* ScreenSelectionViewController.swift */; };
		AABF5F151F951DE700ADEB19 /* ScreenSelectionViewController.swift in Sources */ = {isa = PBXBuildFile; fileRef = AABF5F111F951DE700ADEB19 /* ScreenSelectionViewController.swift */; };
		AABF5F161F951DE700ADEB19 /* ScreenSelectionViewController.xib in Resources */ = {isa = PBXBuildFile; fileRef = AABF5F121F951DE700ADEB19 /* ScreenSelectionViewController.xib */; };
		AABF5F171F951DE700ADEB19 /* ScreenSelectionViewController.xib in Resources */ = {isa = PBXBuildFile; fileRef = AABF5F121F951DE700ADEB19 /* ScreenSelectionViewController.xib */; };
		AABF5F181F951DE700ADEB19 /* ScreenSelectionViewController.xib in Resources */ = {isa = PBXBuildFile; fileRef = AABF5F121F951DE700ADEB19 /* ScreenSelectionViewController.xib */; };
		AABF5F1D1F95247400ADEB19 /* ObjCHelper.h in Headers */ = {isa = PBXBuildFile; fileRef = AABF5F1B1F95247400ADEB19 /* ObjCHelper.h */; };
		AABF5F1E1F95247400ADEB19 /* ObjCHelper.m in Sources */ = {isa = PBXBuildFile; fileRef = AABF5F1C1F95247400ADEB19 /* ObjCHelper.m */; };
		AABF5F1F1F95247400ADEB19 /* ObjCHelper.m in Sources */ = {isa = PBXBuildFile; fileRef = AABF5F1C1F95247400ADEB19 /* ObjCHelper.m */; };
		AABF5F201F95247400ADEB19 /* ObjCHelper.m in Sources */ = {isa = PBXBuildFile; fileRef = AABF5F1C1F95247400ADEB19 /* ObjCHelper.m */; };
		AABF5F221F95358F00ADEB19 /* Display.swift in Sources */ = {isa = PBXBuildFile; fileRef = AABF5F211F95358F00ADEB19 /* Display.swift */; };
		AABF5F231F95358F00ADEB19 /* Display.swift in Sources */ = {isa = PBXBuildFile; fileRef = AABF5F211F95358F00ADEB19 /* Display.swift */; };
		AABF5F241F95358F00ADEB19 /* Display.swift in Sources */ = {isa = PBXBuildFile; fileRef = AABF5F211F95358F00ADEB19 /* Display.swift */; };
		AABF5F261F95706800ADEB19 /* VSaver-Bridging-Header.h in Headers */ = {isa = PBXBuildFile; fileRef = AABF5F251F95706800ADEB19 /* VSaver-Bridging-Header.h */; };
		AAF8528B1D44E48B0044EC3A /* Provider.swift in Sources */ = {isa = PBXBuildFile; fileRef = AAF852881D44E48B0044EC3A /* Provider.swift */; };
		AAF8528C1D44E48B0044EC3A /* VSaverView.swift in Sources */ = {isa = PBXBuildFile; fileRef = AAF852891D44E48B0044EC3A /* VSaverView.swift */; };
		AAF8528D1D44E48B0044EC3A /* YouTubeProvider.swift in Sources */ = {isa = PBXBuildFile; fileRef = AAF8528A1D44E48B0044EC3A /* YouTubeProvider.swift */; };
		AAF852901D44E4C90044EC3A /* AppDelegate.swift in Sources */ = {isa = PBXBuildFile; fileRef = AAF8528E1D44E4B60044EC3A /* AppDelegate.swift */; };
		AAF852911D44E4D50044EC3A /* Provider.swift in Sources */ = {isa = PBXBuildFile; fileRef = AAF852881D44E48B0044EC3A /* Provider.swift */; };
		AAF852921D44E4D50044EC3A /* VSaverView.swift in Sources */ = {isa = PBXBuildFile; fileRef = AAF852891D44E48B0044EC3A /* VSaverView.swift */; };
		AAF852931D44E4D50044EC3A /* YouTubeProvider.swift in Sources */ = {isa = PBXBuildFile; fileRef = AAF8528A1D44E48B0044EC3A /* YouTubeProvider.swift */; };
		AAF852971D44E5880044EC3A /* VideoPlayerController.swift in Sources */ = {isa = PBXBuildFile; fileRef = AAF852961D44E5880044EC3A /* VideoPlayerController.swift */; };
		AAF852981D44E9170044EC3A /* VideoPlayerController.swift in Sources */ = {isa = PBXBuildFile; fileRef = AAF852961D44E5880044EC3A /* VideoPlayerController.swift */; };
/* End PBXBuildFile section */

/* Begin PBXFileReference section */
		AA25696A1D460F9300E3BBC5 /* youtube.js */ = {isa = PBXFileReference; fileEncoding = 4; lastKnownFileType = sourcecode.javascript; name = youtube.js; path = VSaver/youtube.js; sourceTree = SOURCE_ROOT; };
		AA25696D1D4620FB00E3BBC5 /* VSaverSettingsController.swift */ = {isa = PBXFileReference; fileEncoding = 4; lastKnownFileType = sourcecode.swift; name = VSaverSettingsController.swift; path = VSaver/VSaverSettingsController.swift; sourceTree = SOURCE_ROOT; };
		AA25696E1D4620FB00E3BBC5 /* VSaverSettingsController.xib */ = {isa = PBXFileReference; fileEncoding = 4; lastKnownFileType = file.xib; name = VSaverSettingsController.xib; path = VSaver/VSaverSettingsController.xib; sourceTree = SOURCE_ROOT; };
		AA2569741D46301800E3BBC5 /* Base */ = {isa = PBXFileReference; lastKnownFileType = file.xib; name = Base; path = VSaverTester/Base.lproj/MainMenu.xib; sourceTree = SOURCE_ROOT; };
		AA2569791D46374700E3BBC5 /* VSaverSettings.swift */ = {isa = PBXFileReference; fileEncoding = 4; lastKnownFileType = sourcecode.swift; name = VSaverSettings.swift; path = VSaver/VSaverSettings.swift; sourceTree = SOURCE_ROOT; };
		AA25697E1D466B3200E3BBC5 /* VimeoProvider.swift */ = {isa = PBXFileReference; fileEncoding = 4; lastKnownFileType = sourcecode.swift; name = VimeoProvider.swift; path = VSaver/VimeoProvider.swift; sourceTree = SOURCE_ROOT; };
		AA2569851D467C6B00E3BBC5 /* VSaverWallpaper.app */ = {isa = PBXFileReference; explicitFileType = wrapper.application; includeInIndex = 0; path = VSaverWallpaper.app; sourceTree = BUILT_PRODUCTS_DIR; };
		AA2569871D467C6B00E3BBC5 /* AppDelegate.swift */ = {isa = PBXFileReference; lastKnownFileType = sourcecode.swift; path = AppDelegate.swift; sourceTree = "<group>"; };
		AA2569891D467C6B00E3BBC5 /* Assets.xcassets */ = {isa = PBXFileReference; lastKnownFileType = folder.assetcatalog; path = Assets.xcassets; sourceTree = "<group>"; };
		AA25698C1D467C6B00E3BBC5 /* Base */ = {isa = PBXFileReference; lastKnownFileType = file.xib; name = Base; path = Base.lproj/MainMenu.xib; sourceTree = "<group>"; };
		AA25698E1D467C6B00E3BBC5 /* Info.plist */ = {isa = PBXFileReference; lastKnownFileType = text.plist.xml; path = Info.plist; sourceTree = "<group>"; };
		AA25699B1D4683EB00E3BBC5 /* SaverWindow.swift */ = {isa = PBXFileReference; fileEncoding = 4; lastKnownFileType = sourcecode.swift; path = SaverWindow.swift; sourceTree = "<group>"; };
		AA25699D1D46866B00E3BBC5 /* SaverWallpaperSettings.swift */ = {isa = PBXFileReference; fileEncoding = 4; lastKnownFileType = sourcecode.swift; path = SaverWallpaperSettings.swift; sourceTree = "<group>"; };
		AA25699E1D46866B00E3BBC5 /* SaverWallpaperSettings.xib */ = {isa = PBXFileReference; fileEncoding = 4; lastKnownFileType = file.xib; path = SaverWallpaperSettings.xib; sourceTree = "<group>"; };
		AA2569A11D47573F00E3BBC5 /* thumbnail.png */ = {isa = PBXFileReference; lastKnownFileType = image.png; name = thumbnail.png; path = VSaver/thumbnail.png; sourceTree = SOURCE_ROOT; };
		AA2569A21D47573F00E3BBC5 /* thumbnail@2x.png */ = {isa = PBXFileReference; lastKnownFileType = image.png; name = "thumbnail@2x.png"; path = "VSaver/thumbnail@2x.png"; sourceTree = SOURCE_ROOT; };
		AA5DC8621F8FA379001E3CE4 /* AppleTVProvider.swift */ = {isa = PBXFileReference; fileEncoding = 4; lastKnownFileType = sourcecode.swift; path = AppleTVProvider.swift; sourceTree = SOURCE_ROOT; };
		AA8873931F9145CD006FC239 /* Cocoa+Extended.swift */ = {isa = PBXFileReference; lastKnownFileType = sourcecode.swift; path = "Cocoa+Extended.swift"; sourceTree = "<group>"; };
		AA8873971F91470A006FC239 /* AVKit.framework */ = {isa = PBXFileReference; lastKnownFileType = wrapper.framework; name = AVKit.framework; path = System/Library/Frameworks/AVKit.framework; sourceTree = SDKROOT; };
		AA8873991F914711006FC239 /* AVFoundation.framework */ = {isa = PBXFileReference; lastKnownFileType = wrapper.framework; name = AVFoundation.framework; path = System/Library/Frameworks/AVFoundation.framework; sourceTree = SDKROOT; };
		AABF5F091F95028100ADEB19 /* WistiaProvider.swift */ = {isa = PBXFileReference; lastKnownFileType = sourcecode.swift; name = WistiaProvider.swift; path = VSaver/WistiaProvider.swift; sourceTree = SOURCE_ROOT; };
		AABF5F0D1F9502B800ADEB19 /* wistia.js */ = {isa = PBXFileReference; lastKnownFileType = sourcecode.javascript; name = wistia.js; path = VSaver/wistia.js; sourceTree = SOURCE_ROOT; };
		AABF5F111F951DE700ADEB19 /* ScreenSelectionViewController.swift */ = {isa = PBXFileReference; lastKnownFileType = sourcecode.swift; name = ScreenSelectionViewController.swift; path = VSaver/ScreenSelectionViewController.swift; sourceTree = SOURCE_ROOT; };
		AABF5F121F951DE700ADEB19 /* ScreenSelectionViewController.xib */ = {isa = PBXFileReference; lastKnownFileType = file.xib; name = ScreenSelectionViewController.xib; path = VSaver/ScreenSelectionViewController.xib; sourceTree = SOURCE_ROOT; };
		AABF5F191F95247300ADEB19 /* VSaverTester-Bridging-Header.h */ = {isa = PBXFileReference; lastKnownFileType = sourcecode.c.h; path = "VSaverTester-Bridging-Header.h"; sourceTree = "<group>"; };
		AABF5F1A1F95247300ADEB19 /* VSaverWallpaper-Bridging-Header.h */ = {isa = PBXFileReference; lastKnownFileType = sourcecode.c.h; path = "VSaverWallpaper-Bridging-Header.h"; sourceTree = "<group>"; };
		AABF5F1B1F95247400ADEB19 /* ObjCHelper.h */ = {isa = PBXFileReference; lastKnownFileType = sourcecode.c.h; name = ObjCHelper.h; path = VSaver/ObjCHelper.h; sourceTree = SOURCE_ROOT; };
		AABF5F1C1F95247400ADEB19 /* ObjCHelper.m */ = {isa = PBXFileReference; lastKnownFileType = sourcecode.c.objc; name = ObjCHelper.m; path = VSaver/ObjCHelper.m; sourceTree = SOURCE_ROOT; };
		AABF5F211F95358F00ADEB19 /* Display.swift */ = {isa = PBXFileReference; lastKnownFileType = sourcecode.swift; name = Display.swift; path = VSaver/Display.swift; sourceTree = SOURCE_ROOT; };
		AABF5F251F95706800ADEB19 /* VSaver-Bridging-Header.h */ = {isa = PBXFileReference; fileEncoding = 4; lastKnownFileType = sourcecode.c.h; path = "VSaver-Bridging-Header.h"; sourceTree = "<group>"; };
		AAE668291CAE7ADD00141027 /* VSaver.saver */ = {isa = PBXFileReference; explicitFileType = wrapper.cfbundle; includeInIndex = 0; path = VSaver.saver; sourceTree = BUILT_PRODUCTS_DIR; };
		AAE668301CAE7ADD00141027 /* Info.plist */ = {isa = PBXFileReference; lastKnownFileType = text.plist; name = Info.plist; path = VSaver/Info.plist; sourceTree = "<group>"; };
		AAE668501CAE85D000141027 /* VSaver.app */ = {isa = PBXFileReference; explicitFileType = wrapper.application; includeInIndex = 0; path = VSaver.app; sourceTree = BUILT_PRODUCTS_DIR; };
		AAE668541CAE85D000141027 /* Assets.xcassets */ = {isa = PBXFileReference; lastKnownFileType = folder.assetcatalog; name = Assets.xcassets; path = VSaverTester/Assets.xcassets; sourceTree = "<group>"; };
		AAE668591CAE85D000141027 /* Info.plist */ = {isa = PBXFileReference; lastKnownFileType = text.plist; name = Info.plist; path = VSaverTester/Info.plist; sourceTree = "<group>"; };
		AAF852881D44E48B0044EC3A /* Provider.swift */ = {isa = PBXFileReference; fileEncoding = 4; lastKnownFileType = sourcecode.swift; name = Provider.swift; path = BoardSaver/Provider.swift; sourceTree = SOURCE_ROOT; };
		AAF852891D44E48B0044EC3A /* VSaverView.swift */ = {isa = PBXFileReference; fileEncoding = 4; lastKnownFileType = sourcecode.swift; name = VSaverView.swift; path = VSaver/VSaverView.swift; sourceTree = SOURCE_ROOT; };
		AAF8528A1D44E48B0044EC3A /* YouTubeProvider.swift */ = {isa = PBXFileReference; fileEncoding = 4; lastKnownFileType = sourcecode.swift; name = YouTubeProvider.swift; path = VSaver/YouTubeProvider.swift; sourceTree = SOURCE_ROOT; };
		AAF8528E1D44E4B60044EC3A /* AppDelegate.swift */ = {isa = PBXFileReference; fileEncoding = 4; lastKnownFileType = sourcecode.swift; name = AppDelegate.swift; path = VSaverTester/AppDelegate.swift; sourceTree = SOURCE_ROOT; };
		AAF852961D44E5880044EC3A /* VideoPlayerController.swift */ = {isa = PBXFileReference; fileEncoding = 4; lastKnownFileType = sourcecode.swift; name = VideoPlayerController.swift; path = VSaverTester/VideoPlayerController.swift; sourceTree = SOURCE_ROOT; };
/* End PBXFileReference section */

/* Begin PBXFrameworksBuildPhase section */
		AA2569821D467C6B00E3BBC5 /* Frameworks */ = {
			isa = PBXFrameworksBuildPhase;
			buildActionMask = 2147483647;
			files = (
				AA88739D1F914729006FC239 /* AVFoundation.framework in Frameworks */,
				AA88739E1F914729006FC239 /* AVKit.framework in Frameworks */,
			);
			runOnlyForDeploymentPostprocessing = 0;
		};
		AAE668251CAE7ADD00141027 /* Frameworks */ = {
			isa = PBXFrameworksBuildPhase;
			buildActionMask = 2147483647;
			files = (
				AA88739C1F914721006FC239 /* AVKit.framework in Frameworks */,
				AA88739B1F91471C006FC239 /* AVFoundation.framework in Frameworks */,
			);
			runOnlyForDeploymentPostprocessing = 0;
		};
		AAE6684D1CAE85D000141027 /* Frameworks */ = {
			isa = PBXFrameworksBuildPhase;
			buildActionMask = 2147483647;
			files = (
				AA88739A1F914711006FC239 /* AVFoundation.framework in Frameworks */,
				AA8873981F91470A006FC239 /* AVKit.framework in Frameworks */,
			);
			runOnlyForDeploymentPostprocessing = 0;
		};
/* End PBXFrameworksBuildPhase section */

/* Begin PBXGroup section */
		AA25697C1D466B1100E3BBC5 /* YouTube */ = {
			isa = PBXGroup;
			children = (
				AAF8528A1D44E48B0044EC3A /* YouTubeProvider.swift */,
				AA25696A1D460F9300E3BBC5 /* youtube.js */,
			);
			name = YouTube;
			sourceTree = "<group>";
		};
		AA25697D1D466B1700E3BBC5 /* Vimeo */ = {
			isa = PBXGroup;
			children = (
				AA25697E1D466B3200E3BBC5 /* VimeoProvider.swift */,
			);
			name = Vimeo;
			sourceTree = "<group>";
		};
		AA2569861D467C6B00E3BBC5 /* VSaverWallpaper */ = {
			isa = PBXGroup;
			children = (
				AA2569871D467C6B00E3BBC5 /* AppDelegate.swift */,
				AA25699B1D4683EB00E3BBC5 /* SaverWindow.swift */,
				AA2569891D467C6B00E3BBC5 /* Assets.xcassets */,
				AA25698B1D467C6B00E3BBC5 /* MainMenu.xib */,
				AA25699D1D46866B00E3BBC5 /* SaverWallpaperSettings.swift */,
				AA25699E1D46866B00E3BBC5 /* SaverWallpaperSettings.xib */,
				AA25698E1D467C6B00E3BBC5 /* Info.plist */,
			);
			path = VSaverWallpaper;
			sourceTree = "<group>";
		};
		AA2569A51D47598D00E3BBC5 /* Resources */ = {
			isa = PBXGroup;
			children = (
				AA2569A11D47573F00E3BBC5 /* thumbnail.png */,
				AA2569A21D47573F00E3BBC5 /* thumbnail@2x.png */,
			);
			name = Resources;
			sourceTree = "<group>";
		};
		AA5DC8611F8FA365001E3CE4 /* Apple */ = {
			isa = PBXGroup;
			children = (
				AA5DC8621F8FA379001E3CE4 /* AppleTVProvider.swift */,
			);
			name = Apple;
			sourceTree = "<group>";
		};
		AA8873921F912A55006FC239 /* Providers */ = {
			isa = PBXGroup;
			children = (
				AAF852881D44E48B0044EC3A /* Provider.swift */,
				AABF5F081F95026100ADEB19 /* Wistia */,
				AA5DC8611F8FA365001E3CE4 /* Apple */,
				AA25697D1D466B1700E3BBC5 /* Vimeo */,
				AA25697C1D466B1100E3BBC5 /* YouTube */,
			);
			name = Providers;
			sourceTree = "<group>";
		};
		AA8873961F91470A006FC239 /* Frameworks */ = {
			isa = PBXGroup;
			children = (
				AA8873991F914711006FC239 /* AVFoundation.framework */,
				AA8873971F91470A006FC239 /* AVKit.framework */,
			);
			name = Frameworks;
			sourceTree = "<group>";
		};
		AABF5F081F95026100ADEB19 /* Wistia */ = {
			isa = PBXGroup;
			children = (
				AABF5F091F95028100ADEB19 /* WistiaProvider.swift */,
				AABF5F0D1F9502B800ADEB19 /* wistia.js */,
			);
			name = Wistia;
			sourceTree = "<group>";
		};
		AAE6681F1CAE7ADD00141027 = {
			isa = PBXGroup;
			children = (
				AAE6682B1CAE7ADD00141027 /* VSaver */,
				AAE668511CAE85D000141027 /* VSaverTester */,
				AA2569861D467C6B00E3BBC5 /* VSaverWallpaper */,
				AAE6682A1CAE7ADD00141027 /* Products */,
				AA8873961F91470A006FC239 /* Frameworks */,
			);
			sourceTree = "<group>";
		};
		AAE6682A1CAE7ADD00141027 /* Products */ = {
			isa = PBXGroup;
			children = (
				AAE668291CAE7ADD00141027 /* VSaver.saver */,
				AAE668501CAE85D000141027 /* VSaver.app */,
				AA2569851D467C6B00E3BBC5 /* VSaverWallpaper.app */,
			);
			name = Products;
			sourceTree = "<group>";
		};
		AAE6682B1CAE7ADD00141027 /* VSaver */ = {
			isa = PBXGroup;
			children = (
				AAF852891D44E48B0044EC3A /* VSaverView.swift */,
				AABF5F211F95358F00ADEB19 /* Display.swift */,
				AA2569791D46374700E3BBC5 /* VSaverSettings.swift */,
				AA25696D1D4620FB00E3BBC5 /* VSaverSettingsController.swift */,
				AA25696E1D4620FB00E3BBC5 /* VSaverSettingsController.xib */,
				AAF852961D44E5880044EC3A /* VideoPlayerController.swift */,
				AABF5F111F951DE700ADEB19 /* ScreenSelectionViewController.swift */,
				AABF5F121F951DE700ADEB19 /* ScreenSelectionViewController.xib */,
				AABF5F1B1F95247400ADEB19 /* ObjCHelper.h */,
				AABF5F1C1F95247400ADEB19 /* ObjCHelper.m */,
				AA8873921F912A55006FC239 /* Providers */,
				AA2569A51D47598D00E3BBC5 /* Resources */,
				AAE668301CAE7ADD00141027 /* Info.plist */,
				AABF5F251F95706800ADEB19 /* VSaver-Bridging-Header.h */,
				AABF5F191F95247300ADEB19 /* VSaverTester-Bridging-Header.h */,
				AABF5F1A1F95247300ADEB19 /* VSaverWallpaper-Bridging-Header.h */,
			);
			name = VSaver;
			path = BoardSaver;
			sourceTree = "<group>";
		};
		AAE668511CAE85D000141027 /* VSaverTester */ = {
			isa = PBXGroup;
			children = (
				AAF8528E1D44E4B60044EC3A /* AppDelegate.swift */,
				AA8873931F9145CD006FC239 /* Cocoa+Extended.swift */,
				AA2569731D46301800E3BBC5 /* MainMenu.xib */,
				AAE668541CAE85D000141027 /* Assets.xcassets */,
				AAE668591CAE85D000141027 /* Info.plist */,
			);
			name = VSaverTester;
			path = BoardSaverTester;
			sourceTree = "<group>";
		};
/* End PBXGroup section */

/* Begin PBXHeadersBuildPhase section */
		AAE668261CAE7ADD00141027 /* Headers */ = {
			isa = PBXHeadersBuildPhase;
			buildActionMask = 2147483647;
			files = (
				AABF5F261F95706800ADEB19 /* VSaver-Bridging-Header.h in Headers */,
				AABF5F1D1F95247400ADEB19 /* ObjCHelper.h in Headers */,
			);
			runOnlyForDeploymentPostprocessing = 0;
		};
/* End PBXHeadersBuildPhase section */

/* Begin PBXNativeTarget section */
		AA2569841D467C6B00E3BBC5 /* VSaverWallpaper */ = {
			isa = PBXNativeTarget;
			buildConfigurationList = AA2569911D467C6B00E3BBC5 /* Build configuration list for PBXNativeTarget "VSaverWallpaper" */;
			buildPhases = (
				AA2569811D467C6B00E3BBC5 /* Sources */,
				AA2569821D467C6B00E3BBC5 /* Frameworks */,
				AA2569831D467C6B00E3BBC5 /* Resources */,
			);
			buildRules = (
			);
			dependencies = (
			);
			name = VSaverWallpaper;
			productName = VSaverWallpaper;
			productReference = AA2569851D467C6B00E3BBC5 /* VSaverWallpaper.app */;
			productType = "com.apple.product-type.application";
		};
		AAE668281CAE7ADD00141027 /* VSaver */ = {
			isa = PBXNativeTarget;
			buildConfigurationList = AAE668331CAE7ADD00141027 /* Build configuration list for PBXNativeTarget "VSaver" */;
			buildPhases = (
				AAE668241CAE7ADD00141027 /* Sources */,
				AAE668251CAE7ADD00141027 /* Frameworks */,
				AAE668261CAE7ADD00141027 /* Headers */,
				AAE668271CAE7ADD00141027 /* Resources */,
				AAE668361CAE7B5D00141027 /* ShellScript */,
			);
			buildRules = (
			);
			dependencies = (
			);
			name = VSaver;
			productName = BoardSaver;
			productReference = AAE668291CAE7ADD00141027 /* VSaver.saver */;
			productType = "com.apple.product-type.bundle";
		};
		AAE6684F1CAE85D000141027 /* VSaverTester */ = {
			isa = PBXNativeTarget;
			buildConfigurationList = AAE6685C1CAE85D000141027 /* Build configuration list for PBXNativeTarget "VSaverTester" */;
			buildPhases = (
				AAE6684C1CAE85D000141027 /* Sources */,
				AAE6684D1CAE85D000141027 /* Frameworks */,
				AAE6684E1CAE85D000141027 /* Resources */,
			);
			buildRules = (
			);
			dependencies = (
			);
			name = VSaverTester;
			productName = BoardSaverTester;
			productReference = AAE668501CAE85D000141027 /* VSaver.app */;
			productType = "com.apple.product-type.application";
		};
/* End PBXNativeTarget section */

/* Begin PBXProject section */
		AAE668201CAE7ADD00141027 /* Project object */ = {
			isa = PBXProject;
			attributes = {
				LastSwiftUpdateCheck = 0730;
				LastUpgradeCheck = 0720;
				ORGANIZATIONNAME = "Jaroslaw Pendowski";
				TargetAttributes = {
					AA2569841D467C6B00E3BBC5 = {
						CreatedOnToolsVersion = 7.3.1;
						DevelopmentTeam = 883TJ9L9GP;
						LastSwiftMigration = 0900;
					};
					AAE668281CAE7ADD00141027 = {
						CreatedOnToolsVersion = 7.2.1;
						LastSwiftMigration = 0830;
					};
					AAE6684F1CAE85D000141027 = {
						CreatedOnToolsVersion = 7.2.1;
						LastSwiftMigration = 0900;
					};
				};
			};
			buildConfigurationList = AAE668231CAE7ADD00141027 /* Build configuration list for PBXProject "VSaver" */;
			compatibilityVersion = "Xcode 3.2";
			developmentRegion = English;
			hasScannedForEncodings = 0;
			knownRegions = (
				en,
				Base,
			);
			mainGroup = AAE6681F1CAE7ADD00141027;
			productRefGroup = AAE6682A1CAE7ADD00141027 /* Products */;
			projectDirPath = "";
			projectRoot = "";
			targets = (
				AAE668281CAE7ADD00141027 /* VSaver */,
				AAE6684F1CAE85D000141027 /* VSaverTester */,
				AA2569841D467C6B00E3BBC5 /* VSaverWallpaper */,
			);
		};
/* End PBXProject section */

/* Begin PBXResourcesBuildPhase section */
		AA2569831D467C6B00E3BBC5 /* Resources */ = {
			isa = PBXResourcesBuildPhase;
			buildActionMask = 2147483647;
			files = (
				AA2569961D467D1800E3BBC5 /* VSaverSettingsController.xib in Resources */,
				AABF5F101F9502B800ADEB19 /* wistia.js in Resources */,
				AA25698A1D467C6B00E3BBC5 /* Assets.xcassets in Resources */,
				AA2569A01D46866B00E3BBC5 /* SaverWallpaperSettings.xib in Resources */,
				AA25699A1D467D2300E3BBC5 /* youtube.js in Resources */,
				AA25698D1D467C6B00E3BBC5 /* MainMenu.xib in Resources */,
				AABF5F181F951DE700ADEB19 /* ScreenSelectionViewController.xib in Resources */,
			);
			runOnlyForDeploymentPostprocessing = 0;
		};
		AAE668271CAE7ADD00141027 /* Resources */ = {
			isa = PBXResourcesBuildPhase;
			buildActionMask = 2147483647;
			files = (
				AA2569A31D47573F00E3BBC5 /* thumbnail.png in Resources */,
				AABF5F0E1F9502B800ADEB19 /* wistia.js in Resources */,
				AA25696B1D460F9300E3BBC5 /* youtube.js in Resources */,
				AA2569711D4620FB00E3BBC5 /* VSaverSettingsController.xib in Resources */,
				AA2569A41D47573F00E3BBC5 /* thumbnail@2x.png in Resources */,
				AA2569751D46301800E3BBC5 /* MainMenu.xib in Resources */,
				AABF5F161F951DE700ADEB19 /* ScreenSelectionViewController.xib in Resources */,
			);
			runOnlyForDeploymentPostprocessing = 0;
		};
		AAE6684E1CAE85D000141027 /* Resources */ = {
			isa = PBXResourcesBuildPhase;
			buildActionMask = 2147483647;
			files = (
				AA2569721D4620FB00E3BBC5 /* VSaverSettingsController.xib in Resources */,
				AABF5F0F1F9502B800ADEB19 /* wistia.js in Resources */,
				AA25696C1D460F9300E3BBC5 /* youtube.js in Resources */,
				AA2569761D46301800E3BBC5 /* MainMenu.xib in Resources */,
				AABF5F171F951DE700ADEB19 /* ScreenSelectionViewController.xib in Resources */,
			);
			runOnlyForDeploymentPostprocessing = 0;
		};
/* End PBXResourcesBuildPhase section */

/* Begin PBXShellScriptBuildPhase section */
		AAE668361CAE7B5D00141027 /* ShellScript */ = {
			isa = PBXShellScriptBuildPhase;
			buildActionMask = 12;
			files = (
			);
			inputPaths = (
			);
			outputPaths = (
			);
			runOnlyForDeploymentPostprocessing = 0;
			shellPath = /bin/sh;
			shellScript = "echo \"Preparing Screen Saver install script\"\nprintf \"#!/bin/sh\\nopen \\\"$CONFIGURATION_BUILD_DIR/$WRAPPER_NAME\\\"\" > \"$SRCROOT/InstallSaver.sh\"\nchmod +x \"$SRCROOT/InstallSaver.sh\"\n\necho \"Fixing path to InstallSaver app within xcscheme\"\nXCSCHEME=\"VSaver.xcodeproj/xcshareddata/xcschemes/VSaver.xcscheme\"\ncat $XCSCHEME | sed -E \"s/(FilePath = )(.+)(InstallSaver.app)/\\1\\3/\"";
		};
/* End PBXShellScriptBuildPhase section */

/* Begin PBXSourcesBuildPhase section */
		AA2569811D467C6B00E3BBC5 /* Sources */ = {
			isa = PBXSourcesBuildPhase;
			buildActionMask = 2147483647;
			files = (
				AA2569991D467D2300E3BBC5 /* YouTubeProvider.swift in Sources */,
				AA2569951D467D1800E3BBC5 /* VSaverSettingsController.swift in Sources */,
				AA2569931D467D1800E3BBC5 /* VSaverView.swift in Sources */,
				AABF5F201F95247400ADEB19 /* ObjCHelper.m in Sources */,
				AABF5F0C1F95028100ADEB19 /* WistiaProvider.swift in Sources */,
				AA2569981D467D2300E3BBC5 /* VimeoProvider.swift in Sources */,
				AA2569971D467D1800E3BBC5 /* VideoPlayerController.swift in Sources */,
				AA2569921D467D1800E3BBC5 /* Provider.swift in Sources */,
				AA5DC8651F8FA3DB001E3CE4 /* AppleTVProvider.swift in Sources */,
				AABF5F151F951DE700ADEB19 /* ScreenSelectionViewController.swift in Sources */,
				AABF5F241F95358F00ADEB19 /* Display.swift in Sources */,
				AA25699C1D4683EB00E3BBC5 /* SaverWindow.swift in Sources */,
				AA2569881D467C6B00E3BBC5 /* AppDelegate.swift in Sources */,
				AA2569941D467D1800E3BBC5 /* VSaverSettings.swift in Sources */,
				AA25699F1D46866B00E3BBC5 /* SaverWallpaperSettings.swift in Sources */,
			);
			runOnlyForDeploymentPostprocessing = 0;
		};
		AAE668241CAE7ADD00141027 /* Sources */ = {
			isa = PBXSourcesBuildPhase;
			buildActionMask = 2147483647;
			files = (
				AAF852971D44E5880044EC3A /* VideoPlayerController.swift in Sources */,
				AABF5F131F951DE700ADEB19 /* ScreenSelectionViewController.swift in Sources */,
				AABF5F1E1F95247400ADEB19 /* ObjCHelper.m in Sources */,
				AA25696F1D4620FB00E3BBC5 /* VSaverSettingsController.swift in Sources */,
				AA25697F1D466B3200E3BBC5 /* VimeoProvider.swift in Sources */,
				AABF5F0A1F95028100ADEB19 /* WistiaProvider.swift in Sources */,
				AAF8528B1D44E48B0044EC3A /* Provider.swift in Sources */,
				AAF8528D1D44E48B0044EC3A /* YouTubeProvider.swift in Sources */,
				AAF8528C1D44E48B0044EC3A /* VSaverView.swift in Sources */,
				AA25697A1D46374700E3BBC5 /* VSaverSettings.swift in Sources */,
				AABF5F221F95358F00ADEB19 /* Display.swift in Sources */,
				AA5DC8631F8FA379001E3CE4 /* AppleTVProvider.swift in Sources */,
			);
			runOnlyForDeploymentPostprocessing = 0;
		};
		AAE6684C1CAE85D000141027 /* Sources */ = {
			isa = PBXSourcesBuildPhase;
			buildActionMask = 2147483647;
			files = (
				AAF852911D44E4D50044EC3A /* Provider.swift in Sources */,
				AA2569801D466B3500E3BBC5 /* VimeoProvider.swift in Sources */,
				AABF5F231F95358F00ADEB19 /* Display.swift in Sources */,
				AA8873951F9145D5006FC239 /* Cocoa+Extended.swift in Sources */,
				AAF852981D44E9170044EC3A /* VideoPlayerController.swift in Sources */,
				AABF5F1F1F95247400ADEB19 /* ObjCHelper.m in Sources */,
				AABF5F0B1F95028100ADEB19 /* WistiaProvider.swift in Sources */,
				AA25697B1D46374700E3BBC5 /* VSaverSettings.swift in Sources */,
				AAF852921D44E4D50044EC3A /* VSaverView.swift in Sources */,
				AAF852931D44E4D50044EC3A /* YouTubeProvider.swift in Sources */,
				AAF852901D44E4C90044EC3A /* AppDelegate.swift in Sources */,
				AA5DC8641F8FA3DB001E3CE4 /* AppleTVProvider.swift in Sources */,
				AA2569701D4620FB00E3BBC5 /* VSaverSettingsController.swift in Sources */,
				AABF5F141F951DE700ADEB19 /* ScreenSelectionViewController.swift in Sources */,
			);
			runOnlyForDeploymentPostprocessing = 0;
		};
/* End PBXSourcesBuildPhase section */

/* Begin PBXVariantGroup section */
		AA2569731D46301800E3BBC5 /* MainMenu.xib */ = {
			isa = PBXVariantGroup;
			children = (
				AA2569741D46301800E3BBC5 /* Base */,
			);
			name = MainMenu.xib;
			sourceTree = "<group>";
		};
		AA25698B1D467C6B00E3BBC5 /* MainMenu.xib */ = {
			isa = PBXVariantGroup;
			children = (
				AA25698C1D467C6B00E3BBC5 /* Base */,
			);
			name = MainMenu.xib;
			sourceTree = "<group>";
		};
/* End PBXVariantGroup section */

/* Begin XCBuildConfiguration section */
		AA25698F1D467C6B00E3BBC5 /* Debug */ = {
			isa = XCBuildConfiguration;
			buildSettings = {
				ASSETCATALOG_COMPILER_APPICON_NAME = AppIcon;
				CLANG_ANALYZER_NONNULL = YES;
				CLANG_ENABLE_MODULES = YES;
				CODE_SIGN_IDENTITY = "Mac Developer";
				"CODE_SIGN_IDENTITY[sdk=macosx*]" = "Mac Developer";
				COMBINE_HIDPI_IMAGES = YES;
				INFOPLIST_FILE = VSaverWallpaper/Info.plist;
				LD_RUNPATH_SEARCH_PATHS = "$(inherited) @executable_path/../Frameworks";
				PRODUCT_BUNDLE_IDENTIFIER = com.pendowski.VSaverWallpaper;
				PRODUCT_NAME = "$(TARGET_NAME)";
				PROVISIONING_PROFILE = "";
				SWIFT_OBJC_BRIDGING_HEADER = "BoardSaver/VSaverWallpaper-Bridging-Header.h";
				SWIFT_OPTIMIZATION_LEVEL = "-Onone";
				SWIFT_VERSION = 3.0;
			};
			name = Debug;
		};
		AA2569901D467C6B00E3BBC5 /* Release */ = {
			isa = XCBuildConfiguration;
			buildSettings = {
				ASSETCATALOG_COMPILER_APPICON_NAME = AppIcon;
				CLANG_ANALYZER_NONNULL = YES;
				CLANG_ENABLE_MODULES = YES;
				CODE_SIGN_IDENTITY = "Mac Developer";
				"CODE_SIGN_IDENTITY[sdk=macosx*]" = "Mac Developer";
				COMBINE_HIDPI_IMAGES = YES;
				INFOPLIST_FILE = VSaverWallpaper/Info.plist;
				LD_RUNPATH_SEARCH_PATHS = "$(inherited) @executable_path/../Frameworks";
				PRODUCT_BUNDLE_IDENTIFIER = com.pendowski.VSaverWallpaper;
				PRODUCT_NAME = "$(TARGET_NAME)";
				PROVISIONING_PROFILE = "";
				SWIFT_OBJC_BRIDGING_HEADER = "BoardSaver/VSaverWallpaper-Bridging-Header.h";
				SWIFT_VERSION = 3.0;
			};
			name = Release;
		};
		AAE668311CAE7ADD00141027 /* Debug */ = {
			isa = XCBuildConfiguration;
			buildSettings = {
				ALWAYS_SEARCH_USER_PATHS = NO;
				CLANG_CXX_LANGUAGE_STANDARD = "gnu++0x";
				CLANG_CXX_LIBRARY = "libc++";
				CLANG_ENABLE_MODULES = YES;
				CLANG_ENABLE_OBJC_ARC = YES;
				CLANG_WARN_BOOL_CONVERSION = YES;
				CLANG_WARN_CONSTANT_CONVERSION = YES;
				CLANG_WARN_DIRECT_OBJC_ISA_USAGE = YES_ERROR;
				CLANG_WARN_EMPTY_BODY = YES;
				CLANG_WARN_ENUM_CONVERSION = YES;
				CLANG_WARN_INT_CONVERSION = YES;
				CLANG_WARN_OBJC_ROOT_CLASS = YES_ERROR;
				CLANG_WARN_UNREACHABLE_CODE = YES;
				CLANG_WARN__DUPLICATE_METHOD_MATCH = YES;
				CODE_SIGN_IDENTITY = "-";
				COPY_PHASE_STRIP = NO;
				DEBUG_INFORMATION_FORMAT = dwarf;
				ENABLE_STRICT_OBJC_MSGSEND = YES;
				ENABLE_TESTABILITY = YES;
				GCC_C_LANGUAGE_STANDARD = gnu99;
				GCC_DYNAMIC_NO_PIC = NO;
				GCC_NO_COMMON_BLOCKS = YES;
				GCC_OPTIMIZATION_LEVEL = 0;
				GCC_PREPROCESSOR_DEFINITIONS = (
					"DEBUG=1",
					"$(inherited)",
				);
				GCC_WARN_64_TO_32_BIT_CONVERSION = YES;
				GCC_WARN_ABOUT_RETURN_TYPE = YES_ERROR;
				GCC_WARN_UNDECLARED_SELECTOR = YES;
				GCC_WARN_UNINITIALIZED_AUTOS = YES_AGGRESSIVE;
				GCC_WARN_UNUSED_FUNCTION = YES;
				GCC_WARN_UNUSED_VARIABLE = YES;
				MACOSX_DEPLOYMENT_TARGET = 10.12;
				MTL_ENABLE_DEBUG_INFO = YES;
				ONLY_ACTIVE_ARCH = YES;
				SDKROOT = macosx;
			};
			name = Debug;
		};
		AAE668321CAE7ADD00141027 /* Release */ = {
			isa = XCBuildConfiguration;
			buildSettings = {
				ALWAYS_SEARCH_USER_PATHS = NO;
				CLANG_CXX_LANGUAGE_STANDARD = "gnu++0x";
				CLANG_CXX_LIBRARY = "libc++";
				CLANG_ENABLE_MODULES = YES;
				CLANG_ENABLE_OBJC_ARC = YES;
				CLANG_WARN_BOOL_CONVERSION = YES;
				CLANG_WARN_CONSTANT_CONVERSION = YES;
				CLANG_WARN_DIRECT_OBJC_ISA_USAGE = YES_ERROR;
				CLANG_WARN_EMPTY_BODY = YES;
				CLANG_WARN_ENUM_CONVERSION = YES;
				CLANG_WARN_INT_CONVERSION = YES;
				CLANG_WARN_OBJC_ROOT_CLASS = YES_ERROR;
				CLANG_WARN_UNREACHABLE_CODE = YES;
				CLANG_WARN__DUPLICATE_METHOD_MATCH = YES;
				CODE_SIGN_IDENTITY = "-";
				COPY_PHASE_STRIP = NO;
				DEBUG_INFORMATION_FORMAT = "dwarf-with-dsym";
				ENABLE_NS_ASSERTIONS = NO;
				ENABLE_STRICT_OBJC_MSGSEND = YES;
				GCC_C_LANGUAGE_STANDARD = gnu99;
				GCC_NO_COMMON_BLOCKS = YES;
				GCC_WARN_64_TO_32_BIT_CONVERSION = YES;
				GCC_WARN_ABOUT_RETURN_TYPE = YES_ERROR;
				GCC_WARN_UNDECLARED_SELECTOR = YES;
				GCC_WARN_UNINITIALIZED_AUTOS = YES_AGGRESSIVE;
				GCC_WARN_UNUSED_FUNCTION = YES;
				GCC_WARN_UNUSED_VARIABLE = YES;
				MACOSX_DEPLOYMENT_TARGET = 10.12;
				MTL_ENABLE_DEBUG_INFO = NO;
				SDKROOT = macosx;
			};
			name = Release;
		};
		AAE668341CAE7ADD00141027 /* Debug */ = {
			isa = XCBuildConfiguration;
			buildSettings = {
				CLANG_ENABLE_MODULES = YES;
				COMBINE_HIDPI_IMAGES = YES;
				EMBEDDED_CONTENT_CONTAINS_SWIFT = YES;
				INFOPLIST_FILE = VSaver/Info.plist;
				INSTALL_PATH = "$(HOME)/Library/Screen Savers";
				LD_RUNPATH_SEARCH_PATHS = "$(inherited) @executable_path/../Frameworks @loader_path/../Frameworks";
				PRODUCT_BUNDLE_IDENTIFIER = com.pendowski.VSaver;
				PRODUCT_NAME = VSaver;
				SWIFT_OBJC_BRIDGING_HEADER = "BoardSaver/VSaver-Bridging-Header.h";
				SWIFT_OPTIMIZATION_LEVEL = "-Onone";
				SWIFT_VERSION = 3.0;
				WRAPPER_EXTENSION = saver;
			};
			name = Debug;
		};
		AAE668351CAE7ADD00141027 /* Release */ = {
			isa = XCBuildConfiguration;
			buildSettings = {
				CLANG_ENABLE_MODULES = YES;
				COMBINE_HIDPI_IMAGES = YES;
				EMBEDDED_CONTENT_CONTAINS_SWIFT = YES;
				INFOPLIST_FILE = VSaver/Info.plist;
				INSTALL_PATH = "$(HOME)/Library/Screen Savers";
				LD_RUNPATH_SEARCH_PATHS = "$(inherited) @executable_path/../Frameworks @loader_path/../Frameworks";
				PRODUCT_BUNDLE_IDENTIFIER = com.pendowski.VSaver;
				PRODUCT_NAME = VSaver;
				SWIFT_OBJC_BRIDGING_HEADER = "BoardSaver/VSaver-Bridging-Header.h";
				SWIFT_VERSION = 3.0;
				WRAPPER_EXTENSION = saver;
			};
			name = Release;
		};
		AAE6685A1CAE85D000141027 /* Debug */ = {
			isa = XCBuildConfiguration;
			buildSettings = {
				CLANG_ENABLE_MODULES = YES;
				COMBINE_HIDPI_IMAGES = YES;
				INFOPLIST_FILE = VSaverTester/Info.plist;
				LD_RUNPATH_SEARCH_PATHS = "$(inherited) @executable_path/../Frameworks";
				PRODUCT_BUNDLE_IDENTIFIER = com.pendowski.VSaverTester;
				PRODUCT_NAME = VSaver;
				SWIFT_OBJC_BRIDGING_HEADER = "BoardSaver/VSaverTester-Bridging-Header.h";
				SWIFT_OPTIMIZATION_LEVEL = "-Onone";
				SWIFT_VERSION = 3.0;
			};
			name = Debug;
		};
		AAE6685B1CAE85D000141027 /* Release */ = {
			isa = XCBuildConfiguration;
			buildSettings = {
				CLANG_ENABLE_MODULES = YES;
				COMBINE_HIDPI_IMAGES = YES;
				INFOPLIST_FILE = VSaverTester/Info.plist;
				LD_RUNPATH_SEARCH_PATHS = "$(inherited) @executable_path/../Frameworks";
				PRODUCT_BUNDLE_IDENTIFIER = com.pendowski.VSaverTester;
				PRODUCT_NAME = VSaver;
				SWIFT_OBJC_BRIDGING_HEADER = "BoardSaver/VSaverTester-Bridging-Header.h";
				SWIFT_VERSION = 3.0;
			};
			name = Release;
		};
/* End XCBuildConfiguration section */

/* Begin XCConfigurationList section */
		AA2569911D467C6B00E3BBC5 /* Build configuration list for PBXNativeTarget "VSaverWallpaper" */ = {
			isa = XCConfigurationList;
			buildConfigurations = (
				AA25698F1D467C6B00E3BBC5 /* Debug */,
				AA2569901D467C6B00E3BBC5 /* Release */,
			);
			defaultConfigurationIsVisible = 0;
			defaultConfigurationName = Release;
		};
		AAE668231CAE7ADD00141027 /* Build configuration list for PBXProject "VSaver" */ = {
			isa = XCConfigurationList;
			buildConfigurations = (
				AAE668311CAE7ADD00141027 /* Debug */,
				AAE668321CAE7ADD00141027 /* Release */,
			);
			defaultConfigurationIsVisible = 0;
			defaultConfigurationName = Release;
		};
		AAE668331CAE7ADD00141027 /* Build configuration list for PBXNativeTarget "VSaver" */ = {
			isa = XCConfigurationList;
			buildConfigurations = (
				AAE668341CAE7ADD00141027 /* Debug */,
				AAE668351CAE7ADD00141027 /* Release */,
			);
			defaultConfigurationIsVisible = 0;
			defaultConfigurationName = Release;
		};
		AAE6685C1CAE85D000141027 /* Build configuration list for PBXNativeTarget "VSaverTester" */ = {
			isa = XCConfigurationList;
			buildConfigurations = (
				AAE6685A1CAE85D000141027 /* Debug */,
				AAE6685B1CAE85D000141027 /* Release */,
			);
			defaultConfigurationIsVisible = 0;
			defaultConfigurationName = Release;
		};
/* End XCConfigurationList section */
	};
	rootObject = AAE668201CAE7ADD00141027 /* Project object */;
}
