// !$*UTF8*$!
{
	archiveVersion = 1;
	classes = {
	};
	objectVersion = 46;
	objects = {

/* Begin PBXBuildFile section */
		AA25696B1D460F9300E3BBC5 /* youtube.js in Resources */ = {isa = PBXBuildFile; fileRef = AA25696A1D460F9300E3BBC5 /* youtube.js */; };
		AA25696C1D460F9300E3BBC5 /* youtube.js in Resources */ = {isa = PBXBuildFile; fileRef = AA25696A1D460F9300E3BBC5 /* youtube.js */; };
		AA25696F1D4620FB00E3BBC5 /* VSaverSettingsController.swift in Sources */ = {isa = PBXBuildFile; fileRef = AA25696D1D4620FB00E3BBC5 /* VSaverSettingsController.swift */; };
		AA2569701D4620FB00E3BBC5 /* VSaverSettingsController.swift in Sources */ = {isa = PBXBuildFile; fileRef = AA25696D1D4620FB00E3BBC5 /* VSaverSettingsController.swift */; };
		AA2569711D4620FB00E3BBC5 /* VSaverSettingsController.xib in Resources */ = {isa = PBXBuildFile; fileRef = AA25696E1D4620FB00E3BBC5 /* VSaverSettingsController.xib */; };
		AA2569721D4620FB00E3BBC5 /* VSaverSettingsController.xib in Resources */ = {isa = PBXBuildFile; fileRef = AA25696E1D4620FB00E3BBC5 /* VSaverSettingsController.xib */; };
		AA2569751D46301800E3BBC5 /* MainMenu.xib in Resources */ = {isa = PBXBuildFile; fileRef = AA2569731D46301800E3BBC5 /* MainMenu.xib */; };
		AA2569761D46301800E3BBC5 /* MainMenu.xib in Resources */ = {isa = PBXBuildFile; fileRef = AA2569731D46301800E3BBC5 /* MainMenu.xib */; };
		AA25697A1D46374700E3BBC5 /* VSaverSettings.swift in Sources */ = {isa = PBXBuildFile; fileRef = AA2569791D46374700E3BBC5 /* VSaverSettings.swift */; };
		AA25697B1D46374700E3BBC5 /* VSaverSettings.swift in Sources */ = {isa = PBXBuildFile; fileRef = AA2569791D46374700E3BBC5 /* VSaverSettings.swift */; };
		AA25697F1D466B3200E3BBC5 /* VimeoProvider.swift in Sources */ = {isa = PBXBuildFile; fileRef = AA25697E1D466B3200E3BBC5 /* VimeoProvider.swift */; };
		AA2569801D466B3500E3BBC5 /* VimeoProvider.swift in Sources */ = {isa = PBXBuildFile; fileRef = AA25697E1D466B3200E3BBC5 /* VimeoProvider.swift */; };
		AA640A761D427DD30038E9EC /* AVKit.framework in Frameworks */ = {isa = PBXBuildFile; fileRef = AA640A751D427DD30038E9EC /* AVKit.framework */; };
		AA640A781D427DD60038E9EC /* AVFoundation.framework in Frameworks */ = {isa = PBXBuildFile; fileRef = AA640A771D427DD60038E9EC /* AVFoundation.framework */; };
		AAF8528B1D44E48B0044EC3A /* Provider.swift in Sources */ = {isa = PBXBuildFile; fileRef = AAF852881D44E48B0044EC3A /* Provider.swift */; };
		AAF8528C1D44E48B0044EC3A /* VSaverView.swift in Sources */ = {isa = PBXBuildFile; fileRef = AAF852891D44E48B0044EC3A /* VSaverView.swift */; };
		AAF8528D1D44E48B0044EC3A /* YouTubeProvider.swift in Sources */ = {isa = PBXBuildFile; fileRef = AAF8528A1D44E48B0044EC3A /* YouTubeProvider.swift */; };
		AAF852901D44E4C90044EC3A /* AppDelegate.swift in Sources */ = {isa = PBXBuildFile; fileRef = AAF8528E1D44E4B60044EC3A /* AppDelegate.swift */; };
		AAF852911D44E4D50044EC3A /* Provider.swift in Sources */ = {isa = PBXBuildFile; fileRef = AAF852881D44E48B0044EC3A /* Provider.swift */; };
		AAF852921D44E4D50044EC3A /* VSaverView.swift in Sources */ = {isa = PBXBuildFile; fileRef = AAF852891D44E48B0044EC3A /* VSaverView.swift */; };
		AAF852931D44E4D50044EC3A /* YouTubeProvider.swift in Sources */ = {isa = PBXBuildFile; fileRef = AAF8528A1D44E48B0044EC3A /* YouTubeProvider.swift */; };
		AAF852971D44E5880044EC3A /* VideoPlayer.swift in Sources */ = {isa = PBXBuildFile; fileRef = AAF852961D44E5880044EC3A /* VideoPlayer.swift */; };
		AAF852981D44E9170044EC3A /* VideoPlayer.swift in Sources */ = {isa = PBXBuildFile; fileRef = AAF852961D44E5880044EC3A /* VideoPlayer.swift */; };
/* End PBXBuildFile section */

/* Begin PBXFileReference section */
		AA25696A1D460F9300E3BBC5 /* youtube.js */ = {isa = PBXFileReference; fileEncoding = 4; lastKnownFileType = sourcecode.javascript; name = youtube.js; path = VSaver/youtube.js; sourceTree = SOURCE_ROOT; };
		AA25696D1D4620FB00E3BBC5 /* VSaverSettingsController.swift */ = {isa = PBXFileReference; fileEncoding = 4; lastKnownFileType = sourcecode.swift; name = VSaverSettingsController.swift; path = VSaver/VSaverSettingsController.swift; sourceTree = SOURCE_ROOT; };
		AA25696E1D4620FB00E3BBC5 /* VSaverSettingsController.xib */ = {isa = PBXFileReference; fileEncoding = 4; lastKnownFileType = file.xib; name = VSaverSettingsController.xib; path = VSaver/VSaverSettingsController.xib; sourceTree = SOURCE_ROOT; };
		AA2569741D46301800E3BBC5 /* Base */ = {isa = PBXFileReference; lastKnownFileType = file.xib; name = Base; path = VSaverTester/Base.lproj/MainMenu.xib; sourceTree = SOURCE_ROOT; };
		AA2569791D46374700E3BBC5 /* VSaverSettings.swift */ = {isa = PBXFileReference; fileEncoding = 4; lastKnownFileType = sourcecode.swift; name = VSaverSettings.swift; path = VSaver/VSaverSettings.swift; sourceTree = SOURCE_ROOT; };
		AA25697E1D466B3200E3BBC5 /* VimeoProvider.swift */ = {isa = PBXFileReference; fileEncoding = 4; lastKnownFileType = sourcecode.swift; name = VimeoProvider.swift; path = VSaver/VimeoProvider.swift; sourceTree = SOURCE_ROOT; };
		AA640A751D427DD30038E9EC /* AVKit.framework */ = {isa = PBXFileReference; lastKnownFileType = wrapper.framework; name = AVKit.framework; path = System/Library/Frameworks/AVKit.framework; sourceTree = SDKROOT; };
		AA640A771D427DD60038E9EC /* AVFoundation.framework */ = {isa = PBXFileReference; lastKnownFileType = wrapper.framework; name = AVFoundation.framework; path = System/Library/Frameworks/AVFoundation.framework; sourceTree = SDKROOT; };
		AAE668291CAE7ADD00141027 /* VSaver.saver */ = {isa = PBXFileReference; explicitFileType = wrapper.cfbundle; includeInIndex = 0; path = VSaver.saver; sourceTree = BUILT_PRODUCTS_DIR; };
		AAE668301CAE7ADD00141027 /* Info.plist */ = {isa = PBXFileReference; lastKnownFileType = text.plist; name = Info.plist; path = VSaver/Info.plist; sourceTree = "<group>"; };
		AAE668381CAE835700141027 /* VSaver-Bridging-Header.h */ = {isa = PBXFileReference; lastKnownFileType = sourcecode.c.h; name = "VSaver-Bridging-Header.h"; path = "VSaver/VSaver-Bridging-Header.h"; sourceTree = "<group>"; };
		AAE668501CAE85D000141027 /* VSaver.app */ = {isa = PBXFileReference; explicitFileType = wrapper.application; includeInIndex = 0; path = VSaver.app; sourceTree = BUILT_PRODUCTS_DIR; };
		AAE668541CAE85D000141027 /* Assets.xcassets */ = {isa = PBXFileReference; lastKnownFileType = folder.assetcatalog; name = Assets.xcassets; path = VSaverTester/Assets.xcassets; sourceTree = "<group>"; };
		AAE668591CAE85D000141027 /* Info.plist */ = {isa = PBXFileReference; lastKnownFileType = text.plist; name = Info.plist; path = VSaverTester/Info.plist; sourceTree = "<group>"; };
		AAF852881D44E48B0044EC3A /* Provider.swift */ = {isa = PBXFileReference; fileEncoding = 4; lastKnownFileType = sourcecode.swift; name = Provider.swift; path = VSaver/Provider.swift; sourceTree = SOURCE_ROOT; };
		AAF852891D44E48B0044EC3A /* VSaverView.swift */ = {isa = PBXFileReference; fileEncoding = 4; lastKnownFileType = sourcecode.swift; name = VSaverView.swift; path = VSaver/VSaverView.swift; sourceTree = SOURCE_ROOT; };
		AAF8528A1D44E48B0044EC3A /* YouTubeProvider.swift */ = {isa = PBXFileReference; fileEncoding = 4; lastKnownFileType = sourcecode.swift; name = YouTubeProvider.swift; path = VSaver/YouTubeProvider.swift; sourceTree = SOURCE_ROOT; };
		AAF8528E1D44E4B60044EC3A /* AppDelegate.swift */ = {isa = PBXFileReference; fileEncoding = 4; lastKnownFileType = sourcecode.swift; name = AppDelegate.swift; path = VSaverTester/AppDelegate.swift; sourceTree = SOURCE_ROOT; };
		AAF852961D44E5880044EC3A /* VideoPlayer.swift */ = {isa = PBXFileReference; fileEncoding = 4; lastKnownFileType = sourcecode.swift; name = VideoPlayer.swift; path = VSaverTester/VideoPlayer.swift; sourceTree = SOURCE_ROOT; };
/* End PBXFileReference section */

/* Begin PBXFrameworksBuildPhase section */
		AAE668251CAE7ADD00141027 /* Frameworks */ = {
			isa = PBXFrameworksBuildPhase;
			buildActionMask = 2147483647;
			files = (
				AA640A761D427DD30038E9EC /* AVKit.framework in Frameworks */,
				AA640A781D427DD60038E9EC /* AVFoundation.framework in Frameworks */,
			);
			runOnlyForDeploymentPostprocessing = 0;
		};
		AAE6684D1CAE85D000141027 /* Frameworks */ = {
			isa = PBXFrameworksBuildPhase;
			buildActionMask = 2147483647;
			files = (
			);
			runOnlyForDeploymentPostprocessing = 0;
		};
/* End PBXFrameworksBuildPhase section */

/* Begin PBXGroup section */
		AA25697C1D466B1100E3BBC5 /* YouTube */ = {
			isa = PBXGroup;
			children = (
				AAF8528A1D44E48B0044EC3A /* YouTubeProvider.swift */,
				AA25696A1D460F9300E3BBC5 /* youtube.js */,
			);
			name = YouTube;
			sourceTree = "<group>";
		};
		AA25697D1D466B1700E3BBC5 /* Vimeo */ = {
			isa = PBXGroup;
			children = (
				AA25697E1D466B3200E3BBC5 /* VimeoProvider.swift */,
			);
			name = Vimeo;
			sourceTree = "<group>";
		};
		AAE6681F1CAE7ADD00141027 = {
			isa = PBXGroup;
			children = (
				AA640A771D427DD60038E9EC /* AVFoundation.framework */,
				AA640A751D427DD30038E9EC /* AVKit.framework */,
				AAE6682B1CAE7ADD00141027 /* VSaver */,
				AAE668511CAE85D000141027 /* VSaverTester */,
				AAE6682A1CAE7ADD00141027 /* Products */,
			);
			sourceTree = "<group>";
		};
		AAE6682A1CAE7ADD00141027 /* Products */ = {
			isa = PBXGroup;
			children = (
				AAE668291CAE7ADD00141027 /* VSaver.saver */,
				AAE668501CAE85D000141027 /* VSaver.app */,
			);
			name = Products;
			sourceTree = "<group>";
		};
		AAE6682B1CAE7ADD00141027 /* VSaver */ = {
			isa = PBXGroup;
			children = (
				AAF852881D44E48B0044EC3A /* Provider.swift */,
				AAF852891D44E48B0044EC3A /* VSaverView.swift */,
				AA2569791D46374700E3BBC5 /* VSaverSettings.swift */,
				AA25696D1D4620FB00E3BBC5 /* VSaverSettingsController.swift */,
				AA25696E1D4620FB00E3BBC5 /* VSaverSettingsController.xib */,
				AAF852961D44E5880044EC3A /* VideoPlayer.swift */,
				AA25697D1D466B1700E3BBC5 /* Vimeo */,
				AA25697C1D466B1100E3BBC5 /* YouTube */,
				AAE668301CAE7ADD00141027 /* Info.plist */,
				AAE668381CAE835700141027 /* VSaver-Bridging-Header.h */,
			);
			name = VSaver;
			path = BoardSaver;
			sourceTree = "<group>";
		};
		AAE668511CAE85D000141027 /* VSaverTester */ = {
			isa = PBXGroup;
			children = (
				AAF8528E1D44E4B60044EC3A /* AppDelegate.swift */,
				AA2569731D46301800E3BBC5 /* MainMenu.xib */,
				AAE668541CAE85D000141027 /* Assets.xcassets */,
				AAE668591CAE85D000141027 /* Info.plist */,
			);
			name = VSaverTester;
			path = BoardSaverTester;
			sourceTree = "<group>";
		};
/* End PBXGroup section */

/* Begin PBXHeadersBuildPhase section */
		AAE668261CAE7ADD00141027 /* Headers */ = {
			isa = PBXHeadersBuildPhase;
			buildActionMask = 2147483647;
			files = (
			);
			runOnlyForDeploymentPostprocessing = 0;
		};
/* End PBXHeadersBuildPhase section */

/* Begin PBXNativeTarget section */
		AAE668281CAE7ADD00141027 /* VSaver */ = {
			isa = PBXNativeTarget;
			buildConfigurationList = AAE668331CAE7ADD00141027 /* Build configuration list for PBXNativeTarget "VSaver" */;
			buildPhases = (
				AAE668241CAE7ADD00141027 /* Sources */,
				AAE668251CAE7ADD00141027 /* Frameworks */,
				AAE668261CAE7ADD00141027 /* Headers */,
				AAE668271CAE7ADD00141027 /* Resources */,
				AAE668361CAE7B5D00141027 /* ShellScript */,
			);
			buildRules = (
			);
			dependencies = (
			);
			name = VSaver;
			productName = BoardSaver;
			productReference = AAE668291CAE7ADD00141027 /* VSaver.saver */;
			productType = "com.apple.product-type.bundle";
		};
		AAE6684F1CAE85D000141027 /* VSaverTester */ = {
			isa = PBXNativeTarget;
			buildConfigurationList = AAE6685C1CAE85D000141027 /* Build configuration list for PBXNativeTarget "VSaverTester" */;
			buildPhases = (
				AAE6684C1CAE85D000141027 /* Sources */,
				AAE6684D1CAE85D000141027 /* Frameworks */,
				AAE6684E1CAE85D000141027 /* Resources */,
			);
			buildRules = (
			);
			dependencies = (
			);
			name = VSaverTester;
			productName = BoardSaverTester;
			productReference = AAE668501CAE85D000141027 /* VSaver.app */;
			productType = "com.apple.product-type.application";
		};
/* End PBXNativeTarget section */

/* Begin PBXProject section */
		AAE668201CAE7ADD00141027 /* Project object */ = {
			isa = PBXProject;
			attributes = {
				LastSwiftUpdateCheck = 0720;
				LastUpgradeCheck = 0720;
				ORGANIZATIONNAME = "Jaroslaw Pendowski";
				TargetAttributes = {
					AAE668281CAE7ADD00141027 = {
						CreatedOnToolsVersion = 7.2.1;
					};
					AAE6684F1CAE85D000141027 = {
						CreatedOnToolsVersion = 7.2.1;
					};
				};
			};
			buildConfigurationList = AAE668231CAE7ADD00141027 /* Build configuration list for PBXProject "VSaver" */;
			compatibilityVersion = "Xcode 3.2";
			developmentRegion = English;
			hasScannedForEncodings = 0;
			knownRegions = (
				en,
				Base,
			);
			mainGroup = AAE6681F1CAE7ADD00141027;
			productRefGroup = AAE6682A1CAE7ADD00141027 /* Products */;
			projectDirPath = "";
			projectRoot = "";
			targets = (
				AAE668281CAE7ADD00141027 /* VSaver */,
				AAE6684F1CAE85D000141027 /* VSaverTester */,
			);
		};
/* End PBXProject section */

/* Begin PBXResourcesBuildPhase section */
		AAE668271CAE7ADD00141027 /* Resources */ = {
			isa = PBXResourcesBuildPhase;
			buildActionMask = 2147483647;
			files = (
				AA25696B1D460F9300E3BBC5 /* youtube.js in Resources */,
				AA2569711D4620FB00E3BBC5 /* VSaverSettingsController.xib in Resources */,
				AA2569751D46301800E3BBC5 /* MainMenu.xib in Resources */,
			);
			runOnlyForDeploymentPostprocessing = 0;
		};
		AAE6684E1CAE85D000141027 /* Resources */ = {
			isa = PBXResourcesBuildPhase;
			buildActionMask = 2147483647;
			files = (
				AA2569721D4620FB00E3BBC5 /* VSaverSettingsController.xib in Resources */,
				AA25696C1D460F9300E3BBC5 /* youtube.js in Resources */,
				AA2569761D46301800E3BBC5 /* MainMenu.xib in Resources */,
			);
			runOnlyForDeploymentPostprocessing = 0;
		};
/* End PBXResourcesBuildPhase section */

/* Begin PBXShellScriptBuildPhase section */
		AAE668361CAE7B5D00141027 /* ShellScript */ = {
			isa = PBXShellScriptBuildPhase;
			buildActionMask = 12;
			files = (
			);
			inputPaths = (
			);
			outputPaths = (
			);
			runOnlyForDeploymentPostprocessing = 0;
			shellPath = /bin/sh;
			shellScript = "echo \"Preparing Screen Saver install script\"\nprintf \"#!/bin/sh\\nopen \\\"$CONFIGURATION_BUILD_DIR/$WRAPPER_NAME\\\"\" > \"$SRCROOT/InstallSaver.sh\"\nchmod +x \"$SRCROOT/InstallSaver.sh\"";
		};
/* End PBXShellScriptBuildPhase section */

/* Begin PBXSourcesBuildPhase section */
		AAE668241CAE7ADD00141027 /* Sources */ = {
			isa = PBXSourcesBuildPhase;
			buildActionMask = 2147483647;
			files = (
				AAF852971D44E5880044EC3A /* VideoPlayer.swift in Sources */,
				AA25696F1D4620FB00E3BBC5 /* VSaverSettingsController.swift in Sources */,
				AA25697F1D466B3200E3BBC5 /* VimeoProvider.swift in Sources */,
				AAF8528B1D44E48B0044EC3A /* Provider.swift in Sources */,
				AAF8528D1D44E48B0044EC3A /* YouTubeProvider.swift in Sources */,
				AAF8528C1D44E48B0044EC3A /* VSaverView.swift in Sources */,
				AA25697A1D46374700E3BBC5 /* VSaverSettings.swift in Sources */,
			);
			runOnlyForDeploymentPostprocessing = 0;
		};
		AAE6684C1CAE85D000141027 /* Sources */ = {
			isa = PBXSourcesBuildPhase;
			buildActionMask = 2147483647;
			files = (
				AAF852911D44E4D50044EC3A /* Provider.swift in Sources */,
				AA2569801D466B3500E3BBC5 /* VimeoProvider.swift in Sources */,
				AAF852981D44E9170044EC3A /* VideoPlayer.swift in Sources */,
				AA25697B1D46374700E3BBC5 /* VSaverSettings.swift in Sources */,
				AAF852921D44E4D50044EC3A /* VSaverView.swift in Sources */,
				AAF852931D44E4D50044EC3A /* YouTubeProvider.swift in Sources */,
				AAF852901D44E4C90044EC3A /* AppDelegate.swift in Sources */,
				AA2569701D4620FB00E3BBC5 /* VSaverSettingsController.swift in Sources */,
			);
			runOnlyForDeploymentPostprocessing = 0;
		};
/* End PBXSourcesBuildPhase section */

/* Begin PBXVariantGroup section */
		AA2569731D46301800E3BBC5 /* MainMenu.xib */ = {
			isa = PBXVariantGroup;
			children = (
				AA2569741D46301800E3BBC5 /* Base */,
			);
			name = MainMenu.xib;
			sourceTree = "<group>";
		};
/* End PBXVariantGroup section */

/* Begin XCBuildConfiguration section */
		AAE668311CAE7ADD00141027 /* Debug */ = {
			isa = XCBuildConfiguration;
			buildSettings = {
				ALWAYS_SEARCH_USER_PATHS = NO;
				CLANG_CXX_LANGUAGE_STANDARD = "gnu++0x";
				CLANG_CXX_LIBRARY = "libc++";
				CLANG_ENABLE_MODULES = YES;
				CLANG_ENABLE_OBJC_ARC = YES;
				CLANG_WARN_BOOL_CONVERSION = YES;
				CLANG_WARN_CONSTANT_CONVERSION = YES;
				CLANG_WARN_DIRECT_OBJC_ISA_USAGE = YES_ERROR;
				CLANG_WARN_EMPTY_BODY = YES;
				CLANG_WARN_ENUM_CONVERSION = YES;
				CLANG_WARN_INT_CONVERSION = YES;
				CLANG_WARN_OBJC_ROOT_CLASS = YES_ERROR;
				CLANG_WARN_UNREACHABLE_CODE = YES;
				CLANG_WARN__DUPLICATE_METHOD_MATCH = YES;
				CODE_SIGN_IDENTITY = "-";
				COPY_PHASE_STRIP = NO;
				DEBUG_INFORMATION_FORMAT = dwarf;
				ENABLE_STRICT_OBJC_MSGSEND = YES;
				ENABLE_TESTABILITY = YES;
				GCC_C_LANGUAGE_STANDARD = gnu99;
				GCC_DYNAMIC_NO_PIC = NO;
				GCC_NO_COMMON_BLOCKS = YES;
				GCC_OPTIMIZATION_LEVEL = 0;
				GCC_PREPROCESSOR_DEFINITIONS = (
					"DEBUG=1",
					"$(inherited)",
				);
				GCC_WARN_64_TO_32_BIT_CONVERSION = YES;
				GCC_WARN_ABOUT_RETURN_TYPE = YES_ERROR;
				GCC_WARN_UNDECLARED_SELECTOR = YES;
				GCC_WARN_UNINITIALIZED_AUTOS = YES_AGGRESSIVE;
				GCC_WARN_UNUSED_FUNCTION = YES;
				GCC_WARN_UNUSED_VARIABLE = YES;
				MACOSX_DEPLOYMENT_TARGET = 10.11;
				MTL_ENABLE_DEBUG_INFO = YES;
				ONLY_ACTIVE_ARCH = YES;
				SDKROOT = macosx;
			};
			name = Debug;
		};
		AAE668321CAE7ADD00141027 /* Release */ = {
			isa = XCBuildConfiguration;
			buildSettings = {
				ALWAYS_SEARCH_USER_PATHS = NO;
				CLANG_CXX_LANGUAGE_STANDARD = "gnu++0x";
				CLANG_CXX_LIBRARY = "libc++";
				CLANG_ENABLE_MODULES = YES;
				CLANG_ENABLE_OBJC_ARC = YES;
				CLANG_WARN_BOOL_CONVERSION = YES;
				CLANG_WARN_CONSTANT_CONVERSION = YES;
				CLANG_WARN_DIRECT_OBJC_ISA_USAGE = YES_ERROR;
				CLANG_WARN_EMPTY_BODY = YES;
				CLANG_WARN_ENUM_CONVERSION = YES;
				CLANG_WARN_INT_CONVERSION = YES;
				CLANG_WARN_OBJC_ROOT_CLASS = YES_ERROR;
				CLANG_WARN_UNREACHABLE_CODE = YES;
				CLANG_WARN__DUPLICATE_METHOD_MATCH = YES;
				CODE_SIGN_IDENTITY = "-";
				COPY_PHASE_STRIP = NO;
				DEBUG_INFORMATION_FORMAT = "dwarf-with-dsym";
				ENABLE_NS_ASSERTIONS = NO;
				ENABLE_STRICT_OBJC_MSGSEND = YES;
				GCC_C_LANGUAGE_STANDARD = gnu99;
				GCC_NO_COMMON_BLOCKS = YES;
				GCC_WARN_64_TO_32_BIT_CONVERSION = YES;
				GCC_WARN_ABOUT_RETURN_TYPE = YES_ERROR;
				GCC_WARN_UNDECLARED_SELECTOR = YES;
				GCC_WARN_UNINITIALIZED_AUTOS = YES_AGGRESSIVE;
				GCC_WARN_UNUSED_FUNCTION = YES;
				GCC_WARN_UNUSED_VARIABLE = YES;
				MACOSX_DEPLOYMENT_TARGET = 10.11;
				MTL_ENABLE_DEBUG_INFO = NO;
				SDKROOT = macosx;
			};
			name = Release;
		};
		AAE668341CAE7ADD00141027 /* Debug */ = {
			isa = XCBuildConfiguration;
			buildSettings = {
				CLANG_ENABLE_MODULES = YES;
				COMBINE_HIDPI_IMAGES = YES;
				EMBEDDED_CONTENT_CONTAINS_SWIFT = YES;
				INFOPLIST_FILE = VSaver/Info.plist;
				INSTALL_PATH = "$(HOME)/Library/Screen Savers";
				LD_RUNPATH_SEARCH_PATHS = "$(inherited) @executable_path/../Frameworks @loader_path/../Frameworks";
				PRODUCT_BUNDLE_IDENTIFIER = com.pendowski.VSaver;
				PRODUCT_NAME = VSaver;
				SWIFT_OBJC_BRIDGING_HEADER = "VSaver/VSaver-Bridging-Header.h";
				SWIFT_OPTIMIZATION_LEVEL = "-Onone";
				WRAPPER_EXTENSION = saver;
			};
			name = Debug;
		};
		AAE668351CAE7ADD00141027 /* Release */ = {
			isa = XCBuildConfiguration;
			buildSettings = {
				CLANG_ENABLE_MODULES = YES;
				COMBINE_HIDPI_IMAGES = YES;
				EMBEDDED_CONTENT_CONTAINS_SWIFT = YES;
				INFOPLIST_FILE = VSaver/Info.plist;
				INSTALL_PATH = "$(HOME)/Library/Screen Savers";
				LD_RUNPATH_SEARCH_PATHS = "$(inherited) @executable_path/../Frameworks @loader_path/../Frameworks";
				PRODUCT_BUNDLE_IDENTIFIER = com.pendowski.VSaver;
				PRODUCT_NAME = VSaver;
				SWIFT_OBJC_BRIDGING_HEADER = "VSaver/VSaver-Bridging-Header.h";
				WRAPPER_EXTENSION = saver;
			};
			name = Release;
		};
		AAE6685A1CAE85D000141027 /* Debug */ = {
			isa = XCBuildConfiguration;
			buildSettings = {
				COMBINE_HIDPI_IMAGES = YES;
				INFOPLIST_FILE = VSaverTester/Info.plist;
				LD_RUNPATH_SEARCH_PATHS = "$(inherited) @executable_path/../Frameworks";
				PRODUCT_BUNDLE_IDENTIFIER = com.pendowski.VSaverTester;
				PRODUCT_NAME = VSaver;
				SWIFT_OPTIMIZATION_LEVEL = "-Onone";
			};
			name = Debug;
		};
		AAE6685B1CAE85D000141027 /* Release */ = {
			isa = XCBuildConfiguration;
			buildSettings = {
				COMBINE_HIDPI_IMAGES = YES;
				INFOPLIST_FILE = VSaverTester/Info.plist;
				LD_RUNPATH_SEARCH_PATHS = "$(inherited) @executable_path/../Frameworks";
				PRODUCT_BUNDLE_IDENTIFIER = com.pendowski.VSaverTester;
				PRODUCT_NAME = VSaver;
			};
			name = Release;
		};
/* End XCBuildConfiguration section */

/* Begin XCConfigurationList section */
		AAE668231CAE7ADD00141027 /* Build configuration list for PBXProject "VSaver" */ = {
			isa = XCConfigurationList;
			buildConfigurations = (
				AAE668311CAE7ADD00141027 /* Debug */,
				AAE668321CAE7ADD00141027 /* Release */,
			);
			defaultConfigurationIsVisible = 0;
			defaultConfigurationName = Release;
		};
		AAE668331CAE7ADD00141027 /* Build configuration list for PBXNativeTarget "VSaver" */ = {
			isa = XCConfigurationList;
			buildConfigurations = (
				AAE668341CAE7ADD00141027 /* Debug */,
				AAE668351CAE7ADD00141027 /* Release */,
			);
			defaultConfigurationIsVisible = 0;
			defaultConfigurationName = Release;
		};
		AAE6685C1CAE85D000141027 /* Build configuration list for PBXNativeTarget "VSaverTester" */ = {
			isa = XCConfigurationList;
			buildConfigurations = (
				AAE6685A1CAE85D000141027 /* Debug */,
				AAE6685B1CAE85D000141027 /* Release */,
			);
			defaultConfigurationIsVisible = 0;
			defaultConfigurationName = Release;
		};
/* End XCConfigurationList section */
	};
	rootObject = AAE668201CAE7ADD00141027 /* Project object */;
}
